
Microsoft Visual Studio Solution File, Format Version 12.00
# Visual Studio Version 17
VisualStudioVersion = 17.6.33829.357
MinimumVisualStudioVersion = 10.0.40219.1
Project("{FAE04EC0-301F-11D3-BF4B-00C04F79EFBC}") = "assignment38", "assignment38.csproj", "{66D904A8-0262-4556-BC54-3690EF38CF98}"
EndProject
Global
	GlobalSection(SolutionConfigurationPlatforms) = preSolution
		Debug|Any CPU = Debug|Any CPU
		Release|Any CPU = Release|Any CPU
	EndGlobalSection
	GlobalSection(ProjectConfigurationPlatforms) = postSolution
		{66D904A8-0262-4556-BC54-3690EF38CF98}.Debug|Any CPU.ActiveCfg = Debug|Any CPU
		{66D904A8-0262-4556-BC54-3690EF38CF98}.Debug|Any CPU.Build.0 = Debug|Any CPU
		{66D904A8-0262-4556-BC54-3690EF38CF98}.Release|Any CPU.ActiveCfg = Release|Any CPU
		{66D904A8-0262-4556-BC54-3690EF38CF98}.Release|Any CPU.Build.0 = Release|Any CPU
	EndGlobalSection
	GlobalSection(SolutionProperties) = preSolution
		HideSolutionNode = FALSE
	EndGlobalSection
	GlobalSection(ExtensibilityGlobals) = postSolution
		SolutionGuid = {936F0C5F-D63A-4B41-A40B-D1540DE53188}
	EndGlobalSection
EndGlobal
